{
  "name": "foundry-project",
  "lockfileVersion": 2,
  "requires": true,
  "packages": {
    "": {
      "name": "foundry-project",
      "dependencies": {
        "@openzeppelin/contracts": "^4.5.0",
        "@thirdweb-dev/contracts": "^2.3.8"
      },
      "devDependencies": {}
    },
    "node_modules/@openzeppelin/contracts": {
      "version": "4.6.0",
      "resolved": "https://registry.npmjs.org/@openzeppelin/contracts/-/contracts-4.6.0.tgz",
      "integrity": "sha512-8vi4d50NNya/bQqCmaVzvHNmwHvS0OBKb7HNtuNwEE3scXWrP31fKQoGxNMT+KbzmrNZzatE3QK5p2gFONI/hg==",
      "license": "MIT"
    },
    "node_modules/@thirdweb-dev/contracts": {
      "version": "2.3.9",
      "resolved": "https://registry.npmjs.org/@thirdweb-dev/contracts/-/contracts-2.3.9.tgz",
      "integrity": "sha512-MmOVqWKdlFsZRk/Ym/fFfrCo/mzJyWL+EWsLYjpa3CUvwt6DffED+LB8pfTo8DkoTkC0Y9J4yzsdbJSgoa0tFw=="
    }
  },
  "dependencies": {
    "@openzeppelin/contracts": {
      "version": "4.6.0",
      "resolved": "https://registry.npmjs.org/@openzeppelin/contracts/-/contracts-4.6.0.tgz",
      "integrity": "sha512-8vi4d50NNya/bQqCmaVzvHNmwHvS0OBKb7HNtuNwEE3scXWrP31fKQoGxNMT+KbzmrNZzatE3QK5p2gFONI/hg=="
    },
    "@thirdweb-dev/contracts": {
      "version": "2.3.9",
      "resolved": "https://registry.npmjs.org/@thirdweb-dev/contracts/-/contracts-2.3.9.tgz",
      "integrity": "sha512-MmOVqWKdlFsZRk/Ym/fFfrCo/mzJyWL+EWsLYjpa3CUvwt6DffED+LB8pfTo8DkoTkC0Y9J4yzsdbJSgoa0tFw=="
    }
  }
}
