{
  "name": "foundry-project",
  "lockfileVersion": 2,
  "requires": true,
  "packages": {
    "": {
      "name": "foundry-project",
      "dependencies": {
        "@openzeppelin/contracts": "^4.5.0",
        "@thirdweb-dev/contracts": "^2.3.8"
      },
      "devDependencies": {}
    },
    "node_modules/@openzeppelin/contracts": {
      "version": "4.6.0",
      "license": "MIT"
    },
    "node_modules/@thirdweb-dev/contracts": {
      "version": "2.3.8",
      "resolved": "https://registry.npmjs.org/@thirdweb-dev/contracts/-/contracts-2.3.8.tgz",
      "integrity": "sha512-cSVwIzPSYaS8gFlkq4r+G9UyVwr/62uE+p6SzrZFXYCbeCJwJTml3VnrVEptJ7g8RukL4Lh6uwQ6IPtgMTY4cQ=="
    }
  },
  "dependencies": {
    "@openzeppelin/contracts": {
      "version": "4.6.0"
    },
    "@thirdweb-dev/contracts": {
      "version": "2.3.8",
      "resolved": "https://registry.npmjs.org/@thirdweb-dev/contracts/-/contracts-2.3.8.tgz",
      "integrity": "sha512-cSVwIzPSYaS8gFlkq4r+G9UyVwr/62uE+p6SzrZFXYCbeCJwJTml3VnrVEptJ7g8RukL4Lh6uwQ6IPtgMTY4cQ=="
    }
  }
}
