{
  "name": "foundry-project",
  "lockfileVersion": 2,
  "requires": true,
  "packages": {
    "": {
      "name": "foundry-project",
      "dependencies": {
        "@openzeppelin/contracts": "^4.7.2",
        "@thirdweb-dev/contracts": "^2.3.8"
      }
    },
    "node_modules/@openzeppelin/contracts": {
      "version": "4.7.2",
      "resolved": "https://registry.npmjs.org/@openzeppelin/contracts/-/contracts-4.7.2.tgz",
      "integrity": "sha512-4n/JL9izql8303mPqPdubuna/DWEMbmOzWYUWyCPhjhiEr2w3nQrjE7vZz1fBF+wzzP6dZbIcsgqACk53c9FGA=="
    },
    "node_modules/@thirdweb-dev/contracts": {
      "version": "2.3.8",
      "resolved": "https://registry.npmjs.org/@thirdweb-dev/contracts/-/contracts-2.3.8.tgz",
      "integrity": "sha512-cSVwIzPSYaS8gFlkq4r+G9UyVwr/62uE+p6SzrZFXYCbeCJwJTml3VnrVEptJ7g8RukL4Lh6uwQ6IPtgMTY4cQ=="
    }
  },
  "dependencies": {
    "@openzeppelin/contracts": {
      "version": "4.7.2",
      "resolved": "https://registry.npmjs.org/@openzeppelin/contracts/-/contracts-4.7.2.tgz",
      "integrity": "sha512-4n/JL9izql8303mPqPdubuna/DWEMbmOzWYUWyCPhjhiEr2w3nQrjE7vZz1fBF+wzzP6dZbIcsgqACk53c9FGA=="
    },
    "@thirdweb-dev/contracts": {
      "version": "2.3.8",
      "resolved": "https://registry.npmjs.org/@thirdweb-dev/contracts/-/contracts-2.3.8.tgz",
      "integrity": "sha512-cSVwIzPSYaS8gFlkq4r+G9UyVwr/62uE+p6SzrZFXYCbeCJwJTml3VnrVEptJ7g8RukL4Lh6uwQ6IPtgMTY4cQ=="
    }
  }
}
