# THIS IS AN AUTOGENERATED FILE. DO NOT EDIT THIS FILE DIRECTLY.
# yarn lockfile v1


"@openzeppelin/contracts@^4.5.0":
  version "4.6.0"
  resolved "https://registry.yarnpkg.com/@openzeppelin/contracts/-/contracts-4.6.0.tgz#c91cf64bc27f573836dba4122758b4743418c1b3"
  integrity sha512-8vi4d50NNya/bQqCmaVzvHNmwHvS0OBKb7HNtuNwEE3scXWrP31fKQoGxNMT+KbzmrNZzatE3QK5p2gFONI/hg==

"@thirdweb-dev/contracts@^2.3.0":
  version "2.3.0"
  resolved "https://registry.yarnpkg.com/@thirdweb-dev/contracts/-/contracts-2.3.0.tgz#16240a0a470693eb83d02c3316e8ab37981d8ca9"
  integrity sha512-FN69SNSFqWuo1vN+zqp17YlzI7Q+TL6Mw43CqWUOTeqyzVoiHSSK4RwPzgK5MewSNUcpLMDvw+6zY/D5rPZ4/Q==
